
Microsoft Visual Studio Solution File, Format Version 11.00
# Visual Web Developer Express 2010
Project("{FAE04EC0-301F-11D3-BF4B-00C04F79EFBC}") = "kemwell.Nancy.REST", "kemwell.Nancy.REST.csproj", "{D9292F58-2705-44FF-9ED9-EBA5AF1EFD2C}"
EndProject
Global
	GlobalSection(SolutionConfigurationPlatforms) = preSolution
		Debug|Any CPU = Debug|Any CPU
		Release|Any CPU = Release|Any CPU
	EndGlobalSection
	GlobalSection(ProjectConfigurationPlatforms) = postSolution
		{D9292F58-2705-44FF-9ED9-EBA5AF1EFD2C}.Debug|Any CPU.ActiveCfg = Debug|Any CPU
		{D9292F58-2705-44FF-9ED9-EBA5AF1EFD2C}.Debug|Any CPU.Build.0 = Debug|Any CPU
		{D9292F58-2705-44FF-9ED9-EBA5AF1EFD2C}.Release|Any CPU.ActiveCfg = Release|Any CPU
		{D9292F58-2705-44FF-9ED9-EBA5AF1EFD2C}.Release|Any CPU.Build.0 = Release|Any CPU
	EndGlobalSection
	GlobalSection(SolutionProperties) = preSolution
		HideSolutionNode = FALSE
	EndGlobalSection
EndGlobal
